
Microsoft Visual Studio Solution File, Format Version 12.00
# Visual Studio 2013
VisualStudioVersion = 12.0.30501.0
MinimumVisualStudioVersion = 10.0.40219.1
Project("{FAE04EC0-301F-11D3-BF4B-00C04F79EFBC}") = "OfficeConverter", "OfficeConverter\OfficeConverter.csproj", "{41D58D18-0218-42C1-B362-1B40417D6D03}"
EndProject
Project("{FAE04EC0-301F-11D3-BF4B-00C04F79EFBC}") = "OfficeConverterTest", "OfficeConverterTest\OfficeConverterTest.csproj", "{5F46D0CD-C9A7-497F-9211-17596D7DCAB9}"
EndProject
Project("{2150E333-8FDC-42A3-9474-1A3956D46DE8}") = "_license_", "_license_", "{3B834D06-4629-402D-98BA-AEED3AC97D59}"
	ProjectSection(SolutionItems) = preProject
		license.txt = license.txt
	EndProjectSection
EndProject
Project("{FAE04EC0-301F-11D3-BF4B-00C04F79EFBC}") = "OfficeConverterTestTool", "OfficeConverterTestTool\OfficeConverterTestTool.csproj", "{11801F7F-7773-404D-B143-D4B0FF4FCE48}"
EndProject
Global
	GlobalSection(SolutionConfigurationPlatforms) = preSolution
		Debug|Any CPU = Debug|Any CPU
		Release|Any CPU = Release|Any CPU
	EndGlobalSection
	GlobalSection(ProjectConfigurationPlatforms) = postSolution
		{41D58D18-0218-42C1-B362-1B40417D6D03}.Debug|Any CPU.ActiveCfg = Debug|Any CPU
		{41D58D18-0218-42C1-B362-1B40417D6D03}.Debug|Any CPU.Build.0 = Debug|Any CPU
		{41D58D18-0218-42C1-B362-1B40417D6D03}.Release|Any CPU.ActiveCfg = Release|Any CPU
		{41D58D18-0218-42C1-B362-1B40417D6D03}.Release|Any CPU.Build.0 = Release|Any CPU
		{5F46D0CD-C9A7-497F-9211-17596D7DCAB9}.Debug|Any CPU.ActiveCfg = Debug|Any CPU
		{5F46D0CD-C9A7-497F-9211-17596D7DCAB9}.Debug|Any CPU.Build.0 = Debug|Any CPU
		{5F46D0CD-C9A7-497F-9211-17596D7DCAB9}.Release|Any CPU.ActiveCfg = Release|Any CPU
		{5F46D0CD-C9A7-497F-9211-17596D7DCAB9}.Release|Any CPU.Build.0 = Release|Any CPU
		{11801F7F-7773-404D-B143-D4B0FF4FCE48}.Debug|Any CPU.ActiveCfg = Debug|Any CPU
		{11801F7F-7773-404D-B143-D4B0FF4FCE48}.Debug|Any CPU.Build.0 = Debug|Any CPU
		{11801F7F-7773-404D-B143-D4B0FF4FCE48}.Release|Any CPU.ActiveCfg = Release|Any CPU
		{11801F7F-7773-404D-B143-D4B0FF4FCE48}.Release|Any CPU.Build.0 = Release|Any CPU
	EndGlobalSection
	GlobalSection(SolutionProperties) = preSolution
		HideSolutionNode = FALSE
	EndGlobalSection
EndGlobal
